
Microsoft Visual Studio Solution File, Format Version 12.00
# Visual Studio Version 16
VisualStudioVersion = 16.0.30114.105
MinimumVisualStudioVersion = 10.0.40219.1
Project("{FAE04EC0-301F-11D3-BF4B-00C04F79EFBC}") = "TestUserApp", "TestUserApp\TestUserApp.csproj", "{9AE11850-47B6-43A4-B916-82599B2271D7}"
EndProject
Project("{FAE04EC0-301F-11D3-BF4B-00C04F79EFBC}") = "DataAccessLayer", "DataAccessLayer\DataAccessLayer.csproj", "{AEDCA0E4-0E6D-4977-9769-24A4C356B3FF}"
EndProject
Project("{FAE04EC0-301F-11D3-BF4B-00C04F79EFBC}") = "BussinessAccessLayer", "BussinessAccessLayer\BussinessAccessLayer.csproj", "{D03A6898-D80A-4F2D-A10E-8C95B504076F}"
EndProject
Project("{FAE04EC0-301F-11D3-BF4B-00C04F79EFBC}") = "ModelAccessLayer", "ModelAccessLayer\ModelAccessLayer.csproj", "{475D0E0F-D6CB-48E4-A700-241B1FDBE157}"
EndProject
Global
	GlobalSection(SolutionConfigurationPlatforms) = preSolution
		Debug|Any CPU = Debug|Any CPU
		Release|Any CPU = Release|Any CPU
	EndGlobalSection
	GlobalSection(ProjectConfigurationPlatforms) = postSolution
		{9AE11850-47B6-43A4-B916-82599B2271D7}.Debug|Any CPU.ActiveCfg = Debug|Any CPU
		{9AE11850-47B6-43A4-B916-82599B2271D7}.Debug|Any CPU.Build.0 = Debug|Any CPU
		{9AE11850-47B6-43A4-B916-82599B2271D7}.Release|Any CPU.ActiveCfg = Release|Any CPU
		{9AE11850-47B6-43A4-B916-82599B2271D7}.Release|Any CPU.Build.0 = Release|Any CPU
		{AEDCA0E4-0E6D-4977-9769-24A4C356B3FF}.Debug|Any CPU.ActiveCfg = Debug|Any CPU
		{AEDCA0E4-0E6D-4977-9769-24A4C356B3FF}.Debug|Any CPU.Build.0 = Debug|Any CPU
		{AEDCA0E4-0E6D-4977-9769-24A4C356B3FF}.Release|Any CPU.ActiveCfg = Release|Any CPU
		{AEDCA0E4-0E6D-4977-9769-24A4C356B3FF}.Release|Any CPU.Build.0 = Release|Any CPU
		{D03A6898-D80A-4F2D-A10E-8C95B504076F}.Debug|Any CPU.ActiveCfg = Debug|Any CPU
		{D03A6898-D80A-4F2D-A10E-8C95B504076F}.Debug|Any CPU.Build.0 = Debug|Any CPU
		{D03A6898-D80A-4F2D-A10E-8C95B504076F}.Release|Any CPU.ActiveCfg = Release|Any CPU
		{D03A6898-D80A-4F2D-A10E-8C95B504076F}.Release|Any CPU.Build.0 = Release|Any CPU
		{475D0E0F-D6CB-48E4-A700-241B1FDBE157}.Debug|Any CPU.ActiveCfg = Debug|Any CPU
		{475D0E0F-D6CB-48E4-A700-241B1FDBE157}.Debug|Any CPU.Build.0 = Debug|Any CPU
		{475D0E0F-D6CB-48E4-A700-241B1FDBE157}.Release|Any CPU.ActiveCfg = Release|Any CPU
		{475D0E0F-D6CB-48E4-A700-241B1FDBE157}.Release|Any CPU.Build.0 = Release|Any CPU
	EndGlobalSection
	GlobalSection(SolutionProperties) = preSolution
		HideSolutionNode = FALSE
	EndGlobalSection
	GlobalSection(ExtensibilityGlobals) = postSolution
		SolutionGuid = {A98D11F8-5397-4420-AFE0-A01747CDD537}
	EndGlobalSection
EndGlobal
